
Microsoft Visual Studio Solution File, Format Version 12.00
# Visual Studio Version 16
VisualStudioVersion = 16.0.30907.101
MinimumVisualStudioVersion = 10.0.40219.1
Project("{9A19103F-16F7-4668-BE54-9A1E7A4F7556}") = "PlatPhone", "PlatPhone.Web\PlatPhone.csproj", "{678826F3-C29B-4D54-9EE8-B9A177021F43}"
EndProject
Project("{9A19103F-16F7-4668-BE54-9A1E7A4F7556}") = "PlatPhone.DataLayer", "PlatPhone.DataLayer\PlatPhone.DataLayer.csproj", "{0B3396A3-28A5-41D9-A9A4-0451A0C79234}"
EndProject
Global
	GlobalSection(SolutionConfigurationPlatforms) = preSolution
		Debug|Any CPU = Debug|Any CPU
		Release|Any CPU = Release|Any CPU
	EndGlobalSection
	GlobalSection(ProjectConfigurationPlatforms) = postSolution
		{678826F3-C29B-4D54-9EE8-B9A177021F43}.Debug|Any CPU.ActiveCfg = Debug|Any CPU
		{678826F3-C29B-4D54-9EE8-B9A177021F43}.Debug|Any CPU.Build.0 = Debug|Any CPU
		{678826F3-C29B-4D54-9EE8-B9A177021F43}.Release|Any CPU.ActiveCfg = Release|Any CPU
		{678826F3-C29B-4D54-9EE8-B9A177021F43}.Release|Any CPU.Build.0 = Release|Any CPU
		{0B3396A3-28A5-41D9-A9A4-0451A0C79234}.Debug|Any CPU.ActiveCfg = Debug|Any CPU
		{0B3396A3-28A5-41D9-A9A4-0451A0C79234}.Debug|Any CPU.Build.0 = Debug|Any CPU
		{0B3396A3-28A5-41D9-A9A4-0451A0C79234}.Release|Any CPU.ActiveCfg = Release|Any CPU
		{0B3396A3-28A5-41D9-A9A4-0451A0C79234}.Release|Any CPU.Build.0 = Release|Any CPU
	EndGlobalSection
	GlobalSection(SolutionProperties) = preSolution
		HideSolutionNode = FALSE
	EndGlobalSection
	GlobalSection(ExtensibilityGlobals) = postSolution
		SolutionGuid = {40B419DD-942B-45BD-BB4A-E3F14B86FAE5}
	EndGlobalSection
EndGlobal
